
Microsoft Visual Studio Solution File, Format Version 12.00
# Visual Studio Version 17
VisualStudioVersion = 17.11.35303.130
MinimumVisualStudioVersion = 10.0.40219.1
Project("{FAE04EC0-301F-11D3-BF4B-00C04F79EFBC}") = "TASK_poiner", "TASK_poiner.csproj", "{434F997F-647F-40DD-BCD2-8ABDAD6C745F}"
EndProject
Global
	GlobalSection(SolutionConfigurationPlatforms) = preSolution
		Debug|Any CPU = Debug|Any CPU
		Release|Any CPU = Release|Any CPU
	EndGlobalSection
	GlobalSection(ProjectConfigurationPlatforms) = postSolution
		{434F997F-647F-40DD-BCD2-8ABDAD6C745F}.Debug|Any CPU.ActiveCfg = Debug|Any CPU
		{434F997F-647F-40DD-BCD2-8ABDAD6C745F}.Debug|Any CPU.Build.0 = Debug|Any CPU
		{434F997F-647F-40DD-BCD2-8ABDAD6C745F}.Release|Any CPU.ActiveCfg = Release|Any CPU
		{434F997F-647F-40DD-BCD2-8ABDAD6C745F}.Release|Any CPU.Build.0 = Release|Any CPU
	EndGlobalSection
	GlobalSection(SolutionProperties) = preSolution
		HideSolutionNode = FALSE
	EndGlobalSection
	GlobalSection(ExtensibilityGlobals) = postSolution
		SolutionGuid = {6A6FC5F3-526B-4F1D-9513-EABCA652A5D9}
	EndGlobalSection
EndGlobal
